dependencies:
  espressif/es7210:
    component_hash: 761ac59d31d8babb01f6338045cc877f2a75027bae9823a4e4d0b6e5b6f63faf
    source:
      service_url: https://api.components.espressif.com/
      type: service
    version: 1.0.1~1
  idf:
    component_hash: null
    source:
      type: idf
    version: 5.1.4
manifest_hash: 498e4636a2d365ce7faed7058903a45d1e941335e140dc31633376f1b37adb0c
target: esp32s3
version: 1.0.0
